// !$*UTF8*$!
{
	archiveVersion = 1;
	classes = {
	};
	objectVersion = 55;
	objects = {

/* Begin PBXBuildFile section */
		34A476DE2858CA700023D30B /* AppDelegate.swift in Sources */ = {isa = PBXBuildFile; fileRef = 34A476DD2858CA700023D30B /* AppDelegate.swift */; };
		34A476E02858CA700023D30B /* SceneDelegate.swift in Sources */ = {isa = PBXBuildFile; fileRef = 34A476DF2858CA700023D30B /* SceneDelegate.swift */; };
		34A476E72858CA710023D30B /* Assets.xcassets in Resources */ = {isa = PBXBuildFile; fileRef = 34A476E62858CA710023D30B /* Assets.xcassets */; };
		34A476EA2858CA710023D30B /* LaunchScreen.storyboard in Resources */ = {isa = PBXBuildFile; fileRef = 34A476E82858CA710023D30B /* LaunchScreen.storyboard */; };
		34A476F52858CA720023D30B /* TopAppsTests.swift in Sources */ = {isa = PBXBuildFile; fileRef = 34A476F42858CA720023D30B /* TopAppsTests.swift */; };
		34A476FF2858CA720023D30B /* TopAppsUITests.swift in Sources */ = {isa = PBXBuildFile; fileRef = 34A476FE2858CA720023D30B /* TopAppsUITests.swift */; };
		34A477012858CA720023D30B /* TopAppsUITestsLaunchTests.swift in Sources */ = {isa = PBXBuildFile; fileRef = 34A477002858CA720023D30B /* TopAppsUITestsLaunchTests.swift */; };
		34A4779D2858D2480023D30B /* RxCocoa in Frameworks */ = {isa = PBXBuildFile; productRef = 34A4779C2858D2480023D30B /* RxCocoa */; };
		34A4779F2858D2480023D30B /* RxSwift in Frameworks */ = {isa = PBXBuildFile; productRef = 34A4779E2858D2480023D30B /* RxSwift */; };
		34A477A52858D2A70023D30B /* API.swift in Sources */ = {isa = PBXBuildFile; fileRef = 34A477A42858D2A70023D30B /* API.swift */; };
		34D8BAAB286B02E000CD47DA /* MainTabBarController.swift in Sources */ = {isa = PBXBuildFile; fileRef = 34D8BAAA286B02E000CD47DA /* MainTabBarController.swift */; };
		34D8BAAE286C171300CD47DA /* ASNetworking in Frameworks */ = {isa = PBXBuildFile; productRef = 34D8BAAD286C171300CD47DA /* ASNetworking */; };
		34D8BB02286C58A400CD47DA /* TopAppsItem.swift in Sources */ = {isa = PBXBuildFile; fileRef = 34D8BB01286C58A400CD47DA /* TopAppsItem.swift */; };
		34D8BB04286C58D600CD47DA /* Server.swift in Sources */ = {isa = PBXBuildFile; fileRef = 34D8BB03286C58D600CD47DA /* Server.swift */; };
		34D8BB06286C598200CD47DA /* ASNetworking+RxSwift.swift in Sources */ = {isa = PBXBuildFile; fileRef = 34D8BB05286C598200CD47DA /* ASNetworking+RxSwift.swift */; };
		34D8BB08286C6F9900CD47DA /* Preferences.swift in Sources */ = {isa = PBXBuildFile; fileRef = 34D8BB07286C6F9900CD47DA /* Preferences.swift */; };
		34D8BB0F286CA0A100CD47DA /* AppStoreShowable.swift in Sources */ = {isa = PBXBuildFile; fileRef = 34D8BB0E286CA0A100CD47DA /* AppStoreShowable.swift */; };
		34D94BB02858D4D300502401 /* CellItem.swift in Sources */ = {isa = PBXBuildFile; fileRef = 34D94BAF2858D4D300502401 /* CellItem.swift */; };
		34D94BB22858D4E700502401 /* Main.storyboard in Resources */ = {isa = PBXBuildFile; fileRef = 34D94BB12858D4E700502401 /* Main.storyboard */; };
		34D94BBA2858D5ED00502401 /* AppListViewController.swift in Sources */ = {isa = PBXBuildFile; fileRef = 34D94BB52858D5ED00502401 /* AppListViewController.swift */; };
		34D94BBB2858D5ED00502401 /* AppListCellItem.swift in Sources */ = {isa = PBXBuildFile; fileRef = 34D94BB62858D5ED00502401 /* AppListCellItem.swift */; };
		34D94BBD2858D5ED00502401 /* AppListViewModel.swift in Sources */ = {isa = PBXBuildFile; fileRef = 34D94BB82858D5ED00502401 /* AppListViewModel.swift */; };
		34D94BC72858D62000502401 /* AppDetailViewController.swift in Sources */ = {isa = PBXBuildFile; fileRef = 34D94BC22858D62000502401 /* AppDetailViewController.swift */; };
		34D94BCB2858D9AE00502401 /* AppListCell.swift in Sources */ = {isa = PBXBuildFile; fileRef = 34D94BC92858D9AE00502401 /* AppListCell.swift */; };
		34D94BCC2858D9AE00502401 /* AppListCell.xib in Resources */ = {isa = PBXBuildFile; fileRef = 34D94BCA2858D9AE00502401 /* AppListCell.xib */; };
/* End PBXBuildFile section */

/* Begin PBXContainerItemProxy section */
		34A476F12858CA720023D30B /* PBXContainerItemProxy */ = {
			isa = PBXContainerItemProxy;
			containerPortal = 34A476D22858CA700023D30B /* Project object */;
			proxyType = 1;
			remoteGlobalIDString = 34A476D92858CA700023D30B;
			remoteInfo = TopApps;
		};
		34A476FB2858CA720023D30B /* PBXContainerItemProxy */ = {
			isa = PBXContainerItemProxy;
			containerPortal = 34A476D22858CA700023D30B /* Project object */;
			proxyType = 1;
			remoteGlobalIDString = 34A476D92858CA700023D30B;
			remoteInfo = TopApps;
		};
/* End PBXContainerItemProxy section */

/* Begin PBXFileReference section */
		34A476DA2858CA700023D30B /* TopApps.app */ = {isa = PBXFileReference; explicitFileType = wrapper.application; includeInIndex = 0; path = TopApps.app; sourceTree = BUILT_PRODUCTS_DIR; };
		34A476DD2858CA700023D30B /* AppDelegate.swift */ = {isa = PBXFileReference; lastKnownFileType = sourcecode.swift; path = AppDelegate.swift; sourceTree = "<group>"; };
		34A476DF2858CA700023D30B /* SceneDelegate.swift */ = {isa = PBXFileReference; lastKnownFileType = sourcecode.swift; path = SceneDelegate.swift; sourceTree = "<group>"; };
		34A476E62858CA710023D30B /* Assets.xcassets */ = {isa = PBXFileReference; lastKnownFileType = folder.assetcatalog; path = Assets.xcassets; sourceTree = "<group>"; };
		34A476E92858CA710023D30B /* Base */ = {isa = PBXFileReference; lastKnownFileType = file.storyboard; name = Base; path = Base.lproj/LaunchScreen.storyboard; sourceTree = "<group>"; };
		34A476EB2858CA710023D30B /* Info.plist */ = {isa = PBXFileReference; lastKnownFileType = text.plist.xml; path = Info.plist; sourceTree = "<group>"; };
		34A476F02858CA720023D30B /* TopAppsTests.xctest */ = {isa = PBXFileReference; explicitFileType = wrapper.cfbundle; includeInIndex = 0; path = TopAppsTests.xctest; sourceTree = BUILT_PRODUCTS_DIR; };
		34A476F42858CA720023D30B /* TopAppsTests.swift */ = {isa = PBXFileReference; lastKnownFileType = sourcecode.swift; path = TopAppsTests.swift; sourceTree = "<group>"; };
		34A476FA2858CA720023D30B /* TopAppsUITests.xctest */ = {isa = PBXFileReference; explicitFileType = wrapper.cfbundle; includeInIndex = 0; path = TopAppsUITests.xctest; sourceTree = BUILT_PRODUCTS_DIR; };
		34A476FE2858CA720023D30B /* TopAppsUITests.swift */ = {isa = PBXFileReference; lastKnownFileType = sourcecode.swift; path = TopAppsUITests.swift; sourceTree = "<group>"; };
		34A477002858CA720023D30B /* TopAppsUITestsLaunchTests.swift */ = {isa = PBXFileReference; lastKnownFileType = sourcecode.swift; path = TopAppsUITestsLaunchTests.swift; sourceTree = "<group>"; };
		34A477A42858D2A70023D30B /* API.swift */ = {isa = PBXFileReference; fileEncoding = 4; lastKnownFileType = sourcecode.swift; path = API.swift; sourceTree = "<group>"; };
		34D8BAAA286B02E000CD47DA /* MainTabBarController.swift */ = {isa = PBXFileReference; lastKnownFileType = sourcecode.swift; path = MainTabBarController.swift; sourceTree = "<group>"; };
		34D8BB01286C58A400CD47DA /* TopAppsItem.swift */ = {isa = PBXFileReference; lastKnownFileType = sourcecode.swift; path = TopAppsItem.swift; sourceTree = "<group>"; };
		34D8BB03286C58D600CD47DA /* Server.swift */ = {isa = PBXFileReference; lastKnownFileType = sourcecode.swift; path = Server.swift; sourceTree = "<group>"; };
		34D8BB05286C598200CD47DA /* ASNetworking+RxSwift.swift */ = {isa = PBXFileReference; lastKnownFileType = sourcecode.swift; path = "ASNetworking+RxSwift.swift"; sourceTree = "<group>"; };
		34D8BB07286C6F9900CD47DA /* Preferences.swift */ = {isa = PBXFileReference; lastKnownFileType = sourcecode.swift; path = Preferences.swift; sourceTree = "<group>"; };
		34D8BB0E286CA0A100CD47DA /* AppStoreShowable.swift */ = {isa = PBXFileReference; lastKnownFileType = sourcecode.swift; path = AppStoreShowable.swift; sourceTree = "<group>"; };
		34D94BAF2858D4D300502401 /* CellItem.swift */ = {isa = PBXFileReference; fileEncoding = 4; lastKnownFileType = sourcecode.swift; path = CellItem.swift; sourceTree = "<group>"; };
		34D94BB12858D4E700502401 /* Main.storyboard */ = {isa = PBXFileReference; fileEncoding = 4; lastKnownFileType = file.storyboard; path = Main.storyboard; sourceTree = "<group>"; };
		34D94BB52858D5ED00502401 /* AppListViewController.swift */ = {isa = PBXFileReference; fileEncoding = 4; lastKnownFileType = sourcecode.swift; path = AppListViewController.swift; sourceTree = "<group>"; };
		34D94BB62858D5ED00502401 /* AppListCellItem.swift */ = {isa = PBXFileReference; fileEncoding = 4; lastKnownFileType = sourcecode.swift; path = AppListCellItem.swift; sourceTree = "<group>"; };
		34D94BB82858D5ED00502401 /* AppListViewModel.swift */ = {isa = PBXFileReference; fileEncoding = 4; lastKnownFileType = sourcecode.swift; path = AppListViewModel.swift; sourceTree = "<group>"; };
		34D94BC22858D62000502401 /* AppDetailViewController.swift */ = {isa = PBXFileReference; fileEncoding = 4; lastKnownFileType = sourcecode.swift; path = AppDetailViewController.swift; sourceTree = "<group>"; };
		34D94BC92858D9AE00502401 /* AppListCell.swift */ = {isa = PBXFileReference; lastKnownFileType = sourcecode.swift; path = AppListCell.swift; sourceTree = "<group>"; };
		34D94BCA2858D9AE00502401 /* AppListCell.xib */ = {isa = PBXFileReference; lastKnownFileType = file.xib; path = AppListCell.xib; sourceTree = "<group>"; };
/* End PBXFileReference section */

/* Begin PBXFrameworksBuildPhase section */
		34A476D72858CA700023D30B /* Frameworks */ = {
			isa = PBXFrameworksBuildPhase;
			buildActionMask = 2147483647;
			files = (
				34D8BAAE286C171300CD47DA /* ASNetworking in Frameworks */,
				34A4779F2858D2480023D30B /* RxSwift in Frameworks */,
				34A4779D2858D2480023D30B /* RxCocoa in Frameworks */,
			);
			runOnlyForDeploymentPostprocessing = 0;
		};
		34A476ED2858CA720023D30B /* Frameworks */ = {
			isa = PBXFrameworksBuildPhase;
			buildActionMask = 2147483647;
			files = (
			);
			runOnlyForDeploymentPostprocessing = 0;
		};
		34A476F72858CA720023D30B /* Frameworks */ = {
			isa = PBXFrameworksBuildPhase;
			buildActionMask = 2147483647;
			files = (
			);
			runOnlyForDeploymentPostprocessing = 0;
		};
/* End PBXFrameworksBuildPhase section */

/* Begin PBXGroup section */
		34A476D12858CA700023D30B = {
			isa = PBXGroup;
			children = (
				34A477A32858D2630023D30B /* Core */,
				34A476DC2858CA700023D30B /* TopApps */,
				34A476F32858CA720023D30B /* TopAppsTests */,
				34A476FD2858CA720023D30B /* TopAppsUITests */,
				34A476DB2858CA700023D30B /* Products */,
			);
			sourceTree = "<group>";
		};
		34A476DB2858CA700023D30B /* Products */ = {
			isa = PBXGroup;
			children = (
				34A476DA2858CA700023D30B /* TopApps.app */,
				34A476F02858CA720023D30B /* TopAppsTests.xctest */,
				34A476FA2858CA720023D30B /* TopAppsUITests.xctest */,
			);
			name = Products;
			sourceTree = "<group>";
		};
		34A476DC2858CA700023D30B /* TopApps */ = {
			isa = PBXGroup;
			children = (
				34A476DD2858CA700023D30B /* AppDelegate.swift */,
				34A476DF2858CA700023D30B /* SceneDelegate.swift */,
				34D8BB0D286CA04E00CD47DA /* Protocol */,
				34D94BAB2858D40700502401 /* UI */,
				34A476E62858CA710023D30B /* Assets.xcassets */,
				34A476EB2858CA710023D30B /* Info.plist */,
			);
			path = TopApps;
			sourceTree = "<group>";
		};
		34A476F32858CA720023D30B /* TopAppsTests */ = {
			isa = PBXGroup;
			children = (
				34A476F42858CA720023D30B /* TopAppsTests.swift */,
			);
			path = TopAppsTests;
			sourceTree = "<group>";
		};
		34A476FD2858CA720023D30B /* TopAppsUITests */ = {
			isa = PBXGroup;
			children = (
				34A476FE2858CA720023D30B /* TopAppsUITests.swift */,
				34A477002858CA720023D30B /* TopAppsUITestsLaunchTests.swift */,
			);
			path = TopAppsUITests;
			sourceTree = "<group>";
		};
		34A477A32858D2630023D30B /* Core */ = {
			isa = PBXGroup;
			children = (
				34D8BB07286C6F9900CD47DA /* Preferences.swift */,
				34D8BB03286C58D600CD47DA /* Server.swift */,
				34A477A42858D2A70023D30B /* API.swift */,
				34D8BB01286C58A400CD47DA /* TopAppsItem.swift */,
				34D8BB05286C598200CD47DA /* ASNetworking+RxSwift.swift */,
			);
			path = Core;
			sourceTree = "<group>";
		};
		34D8BB0D286CA04E00CD47DA /* Protocol */ = {
			isa = PBXGroup;
			children = (
				34D8BB0E286CA0A100CD47DA /* AppStoreShowable.swift */,
			);
			path = Protocol;
			sourceTree = "<group>";
		};
		34D94BAB2858D40700502401 /* UI */ = {
			isa = PBXGroup;
			children = (
				34A476E82858CA710023D30B /* LaunchScreen.storyboard */,
				34D94BB12858D4E700502401 /* Main.storyboard */,
				34D8BAAA286B02E000CD47DA /* MainTabBarController.swift */,
				34D94BAC2858D4C000502401 /* Common */,
				34D94BB32858D5CE00502401 /* AppList */,
				34D94BBE2858D60600502401 /* AppDetail */,
			);
			path = UI;
			sourceTree = "<group>";
		};
		34D94BAC2858D4C000502401 /* Common */ = {
			isa = PBXGroup;
			children = (
				34D94BAF2858D4D300502401 /* CellItem.swift */,
			);
			path = Common;
			sourceTree = "<group>";
		};
		34D94BB32858D5CE00502401 /* AppList */ = {
			isa = PBXGroup;
			children = (
				34D94BB52858D5ED00502401 /* AppListViewController.swift */,
				34D94BB82858D5ED00502401 /* AppListViewModel.swift */,
				34D94BB62858D5ED00502401 /* AppListCellItem.swift */,
				34D94BC92858D9AE00502401 /* AppListCell.swift */,
				34D94BCA2858D9AE00502401 /* AppListCell.xib */,
			);
			path = AppList;
			sourceTree = "<group>";
		};
		34D94BBE2858D60600502401 /* AppDetail */ = {
			isa = PBXGroup;
			children = (
				34D94BC22858D62000502401 /* AppDetailViewController.swift */,
			);
			path = AppDetail;
			sourceTree = "<group>";
		};
/* End PBXGroup section */

/* Begin PBXNativeTarget section */
		34A476D92858CA700023D30B /* TopApps */ = {
			isa = PBXNativeTarget;
			buildConfigurationList = 34A477042858CA720023D30B /* Build configuration list for PBXNativeTarget "TopApps" */;
			buildPhases = (
				34A476D62858CA700023D30B /* Sources */,
				34A476D72858CA700023D30B /* Frameworks */,
				34A476D82858CA700023D30B /* Resources */,
			);
			buildRules = (
			);
			dependencies = (
			);
			name = TopApps;
			packageProductDependencies = (
				34A4779C2858D2480023D30B /* RxCocoa */,
				34A4779E2858D2480023D30B /* RxSwift */,
				34D8BAAD286C171300CD47DA /* ASNetworking */,
			);
			productName = TopApps;
			productReference = 34A476DA2858CA700023D30B /* TopApps.app */;
			productType = "com.apple.product-type.application";
		};
		34A476EF2858CA720023D30B /* TopAppsTests */ = {
			isa = PBXNativeTarget;
			buildConfigurationList = 34A477072858CA720023D30B /* Build configuration list for PBXNativeTarget "TopAppsTests" */;
			buildPhases = (
				34A476EC2858CA720023D30B /* Sources */,
				34A476ED2858CA720023D30B /* Frameworks */,
				34A476EE2858CA720023D30B /* Resources */,
			);
			buildRules = (
			);
			dependencies = (
				34A476F22858CA720023D30B /* PBXTargetDependency */,
			);
			name = TopAppsTests;
			productName = TopAppsTests;
			productReference = 34A476F02858CA720023D30B /* TopAppsTests.xctest */;
			productType = "com.apple.product-type.bundle.unit-test";
		};
		34A476F92858CA720023D30B /* TopAppsUITests */ = {
			isa = PBXNativeTarget;
			buildConfigurationList = 34A4770A2858CA720023D30B /* Build configuration list for PBXNativeTarget "TopAppsUITests" */;
			buildPhases = (
				34A476F62858CA720023D30B /* Sources */,
				34A476F72858CA720023D30B /* Frameworks */,
				34A476F82858CA720023D30B /* Resources */,
			);
			buildRules = (
			);
			dependencies = (
				34A476FC2858CA720023D30B /* PBXTargetDependency */,
			);
			name = TopAppsUITests;
			productName = TopAppsUITests;
			productReference = 34A476FA2858CA720023D30B /* TopAppsUITests.xctest */;
			productType = "com.apple.product-type.bundle.ui-testing";
		};
/* End PBXNativeTarget section */

/* Begin PBXProject section */
		34A476D22858CA700023D30B /* Project object */ = {
			isa = PBXProject;
			attributes = {
				BuildIndependentTargetsInParallel = 1;
				LastSwiftUpdateCheck = 1340;
				LastUpgradeCheck = 1340;
				TargetAttributes = {
					34A476D92858CA700023D30B = {
						CreatedOnToolsVersion = 13.4.1;
					};
					34A476EF2858CA720023D30B = {
						CreatedOnToolsVersion = 13.4.1;
						TestTargetID = 34A476D92858CA700023D30B;
					};
					34A476F92858CA720023D30B = {
						CreatedOnToolsVersion = 13.4.1;
						TestTargetID = 34A476D92858CA700023D30B;
					};
				};
			};
			buildConfigurationList = 34A476D52858CA700023D30B /* Build configuration list for PBXProject "TopApps" */;
			compatibilityVersion = "Xcode 13.0";
			developmentRegion = en;
			hasScannedForEncodings = 0;
			knownRegions = (
				en,
				Base,
			);
			mainGroup = 34A476D12858CA700023D30B;
			packageReferences = (
				34A4779B2858D2480023D30B /* XCRemoteSwiftPackageReference "RxSwift" */,
				34D8BAAC286C171300CD47DA /* XCRemoteSwiftPackageReference "ASNetworking" */,
			);
			productRefGroup = 34A476DB2858CA700023D30B /* Products */;
			projectDirPath = "";
			projectRoot = "";
			targets = (
				34A476D92858CA700023D30B /* TopApps */,
				34A476EF2858CA720023D30B /* TopAppsTests */,
				34A476F92858CA720023D30B /* TopAppsUITests */,
			);
		};
/* End PBXProject section */

/* Begin PBXResourcesBuildPhase section */
		34A476D82858CA700023D30B /* Resources */ = {
			isa = PBXResourcesBuildPhase;
			buildActionMask = 2147483647;
			files = (
				34D94BB22858D4E700502401 /* Main.storyboard in Resources */,
				34A476EA2858CA710023D30B /* LaunchScreen.storyboard in Resources */,
				34D94BCC2858D9AE00502401 /* AppListCell.xib in Resources */,
				34A476E72858CA710023D30B /* Assets.xcassets in Resources */,
			);
			runOnlyForDeploymentPostprocessing = 0;
		};
		34A476EE2858CA720023D30B /* Resources */ = {
			isa = PBXResourcesBuildPhase;
			buildActionMask = 2147483647;
			files = (
			);
			runOnlyForDeploymentPostprocessing = 0;
		};
		34A476F82858CA720023D30B /* Resources */ = {
			isa = PBXResourcesBuildPhase;
			buildActionMask = 2147483647;
			files = (
			);
			runOnlyForDeploymentPostprocessing = 0;
		};
/* End PBXResourcesBuildPhase section */

/* Begin PBXSourcesBuildPhase section */
		34A476D62858CA700023D30B /* Sources */ = {
			isa = PBXSourcesBuildPhase;
			buildActionMask = 2147483647;
			files = (
				34D94BB02858D4D300502401 /* CellItem.swift in Sources */,
				34D94BCB2858D9AE00502401 /* AppListCell.swift in Sources */,
				34D8BB08286C6F9900CD47DA /* Preferences.swift in Sources */,
				34D8BB02286C58A400CD47DA /* TopAppsItem.swift in Sources */,
				34D8BAAB286B02E000CD47DA /* MainTabBarController.swift in Sources */,
				34D94BBA2858D5ED00502401 /* AppListViewController.swift in Sources */,
				34D94BBB2858D5ED00502401 /* AppListCellItem.swift in Sources */,
				34D8BB06286C598200CD47DA /* ASNetworking+RxSwift.swift in Sources */,
				34D94BC72858D62000502401 /* AppDetailViewController.swift in Sources */,
				34D94BBD2858D5ED00502401 /* AppListViewModel.swift in Sources */,
				34D8BB04286C58D600CD47DA /* Server.swift in Sources */,
				34A476DE2858CA700023D30B /* AppDelegate.swift in Sources */,
				34A476E02858CA700023D30B /* SceneDelegate.swift in Sources */,
				34D8BB0F286CA0A100CD47DA /* AppStoreShowable.swift in Sources */,
				34A477A52858D2A70023D30B /* API.swift in Sources */,
			);
			runOnlyForDeploymentPostprocessing = 0;
		};
		34A476EC2858CA720023D30B /* Sources */ = {
			isa = PBXSourcesBuildPhase;
			buildActionMask = 2147483647;
			files = (
				34A476F52858CA720023D30B /* TopAppsTests.swift in Sources */,
			);
			runOnlyForDeploymentPostprocessing = 0;
		};
		34A476F62858CA720023D30B /* Sources */ = {
			isa = PBXSourcesBuildPhase;
			buildActionMask = 2147483647;
			files = (
				34A477012858CA720023D30B /* TopAppsUITestsLaunchTests.swift in Sources */,
				34A476FF2858CA720023D30B /* TopAppsUITests.swift in Sources */,
			);
			runOnlyForDeploymentPostprocessing = 0;
		};
/* End PBXSourcesBuildPhase section */

/* Begin PBXTargetDependency section */
		34A476F22858CA720023D30B /* PBXTargetDependency */ = {
			isa = PBXTargetDependency;
			target = 34A476D92858CA700023D30B /* TopApps */;
			targetProxy = 34A476F12858CA720023D30B /* PBXContainerItemProxy */;
		};
		34A476FC2858CA720023D30B /* PBXTargetDependency */ = {
			isa = PBXTargetDependency;
			target = 34A476D92858CA700023D30B /* TopApps */;
			targetProxy = 34A476FB2858CA720023D30B /* PBXContainerItemProxy */;
		};
/* End PBXTargetDependency section */

/* Begin PBXVariantGroup section */
		34A476E82858CA710023D30B /* LaunchScreen.storyboard */ = {
			isa = PBXVariantGroup;
			children = (
				34A476E92858CA710023D30B /* Base */,
			);
			name = LaunchScreen.storyboard;
			sourceTree = "<group>";
		};
/* End PBXVariantGroup section */

/* Begin XCBuildConfiguration section */
		34A477022858CA720023D30B /* Debug */ = {
			isa = XCBuildConfiguration;
			buildSettings = {
				ALWAYS_SEARCH_USER_PATHS = NO;
				CLANG_ANALYZER_NONNULL = YES;
				CLANG_ANALYZER_NUMBER_OBJECT_CONVERSION = YES_AGGRESSIVE;
				CLANG_CXX_LANGUAGE_STANDARD = "gnu++17";
				CLANG_ENABLE_MODULES = YES;
				CLANG_ENABLE_OBJC_ARC = YES;
				CLANG_ENABLE_OBJC_WEAK = YES;
				CLANG_WARN_BLOCK_CAPTURE_AUTORELEASING = YES;
				CLANG_WARN_BOOL_CONVERSION = YES;
				CLANG_WARN_COMMA = YES;
				CLANG_WARN_CONSTANT_CONVERSION = YES;
				CLANG_WARN_DEPRECATED_OBJC_IMPLEMENTATIONS = YES;
				CLANG_WARN_DIRECT_OBJC_ISA_USAGE = YES_ERROR;
				CLANG_WARN_DOCUMENTATION_COMMENTS = YES;
				CLANG_WARN_EMPTY_BODY = YES;
				CLANG_WARN_ENUM_CONVERSION = YES;
				CLANG_WARN_INFINITE_RECURSION = YES;
				CLANG_WARN_INT_CONVERSION = YES;
				CLANG_WARN_NON_LITERAL_NULL_CONVERSION = YES;
				CLANG_WARN_OBJC_IMPLICIT_RETAIN_SELF = YES;
				CLANG_WARN_OBJC_LITERAL_CONVERSION = YES;
				CLANG_WARN_OBJC_ROOT_CLASS = YES_ERROR;
				CLANG_WARN_QUOTED_INCLUDE_IN_FRAMEWORK_HEADER = YES;
				CLANG_WARN_RANGE_LOOP_ANALYSIS = YES;
				CLANG_WARN_STRICT_PROTOTYPES = YES;
				CLANG_WARN_SUSPICIOUS_MOVE = YES;
				CLANG_WARN_UNGUARDED_AVAILABILITY = YES_AGGRESSIVE;
				CLANG_WARN_UNREACHABLE_CODE = YES;
				CLANG_WARN__DUPLICATE_METHOD_MATCH = YES;
				COPY_PHASE_STRIP = NO;
				DEBUG_INFORMATION_FORMAT = dwarf;
				ENABLE_STRICT_OBJC_MSGSEND = YES;
				ENABLE_TESTABILITY = YES;
				GCC_C_LANGUAGE_STANDARD = gnu11;
				GCC_DYNAMIC_NO_PIC = NO;
				GCC_NO_COMMON_BLOCKS = YES;
				GCC_OPTIMIZATION_LEVEL = 0;
				GCC_PREPROCESSOR_DEFINITIONS = (
					"DEBUG=1",
					"$(inherited)",
				);
				GCC_WARN_64_TO_32_BIT_CONVERSION = YES;
				GCC_WARN_ABOUT_RETURN_TYPE = YES_ERROR;
				GCC_WARN_UNDECLARED_SELECTOR = YES;
				GCC_WARN_UNINITIALIZED_AUTOS = YES_AGGRESSIVE;
				GCC_WARN_UNUSED_FUNCTION = YES;
				GCC_WARN_UNUSED_VARIABLE = YES;
				IPHONEOS_DEPLOYMENT_TARGET = 15.0;
				MTL_ENABLE_DEBUG_INFO = INCLUDE_SOURCE;
				MTL_FAST_MATH = YES;
				ONLY_ACTIVE_ARCH = YES;
				SDKROOT = iphoneos;
				SWIFT_ACTIVE_COMPILATION_CONDITIONS = DEBUG;
				SWIFT_OPTIMIZATION_LEVEL = "-Onone";
			};
			name = Debug;
		};
		34A477032858CA720023D30B /* Release */ = {
			isa = XCBuildConfiguration;
			buildSettings = {
				ALWAYS_SEARCH_USER_PATHS = NO;
				CLANG_ANALYZER_NONNULL = YES;
				CLANG_ANALYZER_NUMBER_OBJECT_CONVERSION = YES_AGGRESSIVE;
				CLANG_CXX_LANGUAGE_STANDARD = "gnu++17";
				CLANG_ENABLE_MODULES = YES;
				CLANG_ENABLE_OBJC_ARC = YES;
				CLANG_ENABLE_OBJC_WEAK = YES;
				CLANG_WARN_BLOCK_CAPTURE_AUTORELEASING = YES;
				CLANG_WARN_BOOL_CONVERSION = YES;
				CLANG_WARN_COMMA = YES;
				CLANG_WARN_CONSTANT_CONVERSION = YES;
				CLANG_WARN_DEPRECATED_OBJC_IMPLEMENTATIONS = YES;
				CLANG_WARN_DIRECT_OBJC_ISA_USAGE = YES_ERROR;
				CLANG_WARN_DOCUMENTATION_COMMENTS = YES;
				CLANG_WARN_EMPTY_BODY = YES;
				CLANG_WARN_ENUM_CONVERSION = YES;
				CLANG_WARN_INFINITE_RECURSION = YES;
				CLANG_WARN_INT_CONVERSION = YES;
				CLANG_WARN_NON_LITERAL_NULL_CONVERSION = YES;
				CLANG_WARN_OBJC_IMPLICIT_RETAIN_SELF = YES;
				CLANG_WARN_OBJC_LITERAL_CONVERSION = YES;
				CLANG_WARN_OBJC_ROOT_CLASS = YES_ERROR;
				CLANG_WARN_QUOTED_INCLUDE_IN_FRAMEWORK_HEADER = YES;
				CLANG_WARN_RANGE_LOOP_ANALYSIS = YES;
				CLANG_WARN_STRICT_PROTOTYPES = YES;
				CLANG_WARN_SUSPICIOUS_MOVE = YES;
				CLANG_WARN_UNGUARDED_AVAILABILITY = YES_AGGRESSIVE;
				CLANG_WARN_UNREACHABLE_CODE = YES;
				CLANG_WARN__DUPLICATE_METHOD_MATCH = YES;
				COPY_PHASE_STRIP = NO;
				DEBUG_INFORMATION_FORMAT = "dwarf-with-dsym";
				ENABLE_NS_ASSERTIONS = NO;
				ENABLE_STRICT_OBJC_MSGSEND = YES;
				GCC_C_LANGUAGE_STANDARD = gnu11;
				GCC_NO_COMMON_BLOCKS = YES;
				GCC_WARN_64_TO_32_BIT_CONVERSION = YES;
				GCC_WARN_ABOUT_RETURN_TYPE = YES_ERROR;
				GCC_WARN_UNDECLARED_SELECTOR = YES;
				GCC_WARN_UNINITIALIZED_AUTOS = YES_AGGRESSIVE;
				GCC_WARN_UNUSED_FUNCTION = YES;
				GCC_WARN_UNUSED_VARIABLE = YES;
				IPHONEOS_DEPLOYMENT_TARGET = 15.0;
				MTL_ENABLE_DEBUG_INFO = NO;
				MTL_FAST_MATH = YES;
				SDKROOT = iphoneos;
				SWIFT_COMPILATION_MODE = wholemodule;
				SWIFT_OPTIMIZATION_LEVEL = "-O";
				VALIDATE_PRODUCT = YES;
			};
			name = Release;
		};
		34A477052858CA720023D30B /* Debug */ = {
			isa = XCBuildConfiguration;
			buildSettings = {
				ASSETCATALOG_COMPILER_APPICON_NAME = AppIcon;
				ASSETCATALOG_COMPILER_GLOBAL_ACCENT_COLOR_NAME = AccentColor;
				CODE_SIGN_STYLE = Automatic;
				CURRENT_PROJECT_VERSION = 1;
				DEVELOPMENT_TEAM = MKWJJUWWBB;
				GENERATE_INFOPLIST_FILE = YES;
				INFOPLIST_FILE = TopApps/Info.plist;
				INFOPLIST_KEY_UIApplicationSupportsIndirectInputEvents = YES;
				INFOPLIST_KEY_UILaunchStoryboardName = LaunchScreen;
				INFOPLIST_KEY_UIMainStoryboardFile = Main;
				INFOPLIST_KEY_UISupportedInterfaceOrientations_iPad = "UIInterfaceOrientationPortrait UIInterfaceOrientationPortraitUpsideDown UIInterfaceOrientationLandscapeLeft UIInterfaceOrientationLandscapeRight";
				INFOPLIST_KEY_UISupportedInterfaceOrientations_iPhone = "UIInterfaceOrientationPortrait UIInterfaceOrientationLandscapeLeft UIInterfaceOrientationLandscapeRight";
				LD_RUNPATH_SEARCH_PATHS = (
					"$(inherited)",
					"@executable_path/Frameworks",
				);
				MARKETING_VERSION = 1.0.0;
				PRODUCT_BUNDLE_IDENTIFIER = com.appspia.TopApps;
				PRODUCT_NAME = "$(TARGET_NAME)";
				SWIFT_EMIT_LOC_STRINGS = YES;
				SWIFT_VERSION = 5.0;
				TARGETED_DEVICE_FAMILY = "1,2";
			};
			name = Debug;
		};
		34A477062858CA720023D30B /* Release */ = {
			isa = XCBuildConfiguration;
			buildSettings = {
				ASSETCATALOG_COMPILER_APPICON_NAME = AppIcon;
				ASSETCATALOG_COMPILER_GLOBAL_ACCENT_COLOR_NAME = AccentColor;
				CODE_SIGN_STYLE = Automatic;
				CURRENT_PROJECT_VERSION = 1;
				DEVELOPMENT_TEAM = MKWJJUWWBB;
				GENERATE_INFOPLIST_FILE = YES;
				INFOPLIST_FILE = TopApps/Info.plist;
				INFOPLIST_KEY_UIApplicationSupportsIndirectInputEvents = YES;
				INFOPLIST_KEY_UILaunchStoryboardName = LaunchScreen;
				INFOPLIST_KEY_UIMainStoryboardFile = Main;
				INFOPLIST_KEY_UISupportedInterfaceOrientations_iPad = "UIInterfaceOrientationPortrait UIInterfaceOrientationPortraitUpsideDown UIInterfaceOrientationLandscapeLeft UIInterfaceOrientationLandscapeRight";
				INFOPLIST_KEY_UISupportedInterfaceOrientations_iPhone = "UIInterfaceOrientationPortrait UIInterfaceOrientationLandscapeLeft UIInterfaceOrientationLandscapeRight";
				LD_RUNPATH_SEARCH_PATHS = (
					"$(inherited)",
					"@executable_path/Frameworks",
				);
				MARKETING_VERSION = 1.0.0;
				PRODUCT_BUNDLE_IDENTIFIER = com.appspia.TopApps;
				PRODUCT_NAME = "$(TARGET_NAME)";
				SWIFT_EMIT_LOC_STRINGS = YES;
				SWIFT_VERSION = 5.0;
				TARGETED_DEVICE_FAMILY = "1,2";
			};
			name = Release;
		};
		34A477082858CA720023D30B /* Debug */ = {
			isa = XCBuildConfiguration;
			buildSettings = {
				ALWAYS_EMBED_SWIFT_STANDARD_LIBRARIES = YES;
				BUNDLE_LOADER = "$(TEST_HOST)";
				CODE_SIGN_STYLE = Automatic;
				CURRENT_PROJECT_VERSION = 1;
				DEVELOPMENT_TEAM = MKWJJUWWBB;
				GENERATE_INFOPLIST_FILE = YES;
				IPHONEOS_DEPLOYMENT_TARGET = 15.5;
				MARKETING_VERSION = 1.0;
				PRODUCT_BUNDLE_IDENTIFIER = com.appspia.TopAppsTests;
				PRODUCT_NAME = "$(TARGET_NAME)";
				SWIFT_EMIT_LOC_STRINGS = NO;
				SWIFT_VERSION = 5.0;
				TARGETED_DEVICE_FAMILY = "1,2";
				TEST_HOST = "$(BUILT_PRODUCTS_DIR)/TopApps.app/TopApps";
			};
			name = Debug;
		};
		34A477092858CA720023D30B /* Release */ = {
			isa = XCBuildConfiguration;
			buildSettings = {
				ALWAYS_EMBED_SWIFT_STANDARD_LIBRARIES = YES;
				BUNDLE_LOADER = "$(TEST_HOST)";
				CODE_SIGN_STYLE = Automatic;
				CURRENT_PROJECT_VERSION = 1;
				DEVELOPMENT_TEAM = MKWJJUWWBB;
				GENERATE_INFOPLIST_FILE = YES;
				IPHONEOS_DEPLOYMENT_TARGET = 15.5;
				MARKETING_VERSION = 1.0;
				PRODUCT_BUNDLE_IDENTIFIER = com.appspia.TopAppsTests;
				PRODUCT_NAME = "$(TARGET_NAME)";
				SWIFT_EMIT_LOC_STRINGS = NO;
				SWIFT_VERSION = 5.0;
				TARGETED_DEVICE_FAMILY = "1,2";
				TEST_HOST = "$(BUILT_PRODUCTS_DIR)/TopApps.app/TopApps";
			};
			name = Release;
		};
		34A4770B2858CA720023D30B /* Debug */ = {
			isa = XCBuildConfiguration;
			buildSettings = {
				ALWAYS_EMBED_SWIFT_STANDARD_LIBRARIES = YES;
				CODE_SIGN_STYLE = Automatic;
				CURRENT_PROJECT_VERSION = 1;
				DEVELOPMENT_TEAM = MKWJJUWWBB;
				GENERATE_INFOPLIST_FILE = YES;
				MARKETING_VERSION = 1.0;
				PRODUCT_BUNDLE_IDENTIFIER = com.appspia.TopAppsUITests;
				PRODUCT_NAME = "$(TARGET_NAME)";
				SWIFT_EMIT_LOC_STRINGS = NO;
				SWIFT_VERSION = 5.0;
				TARGETED_DEVICE_FAMILY = "1,2";
				TEST_TARGET_NAME = TopApps;
			};
			name = Debug;
		};
		34A4770C2858CA720023D30B /* Release */ = {
			isa = XCBuildConfiguration;
			buildSettings = {
				ALWAYS_EMBED_SWIFT_STANDARD_LIBRARIES = YES;
				CODE_SIGN_STYLE = Automatic;
				CURRENT_PROJECT_VERSION = 1;
				DEVELOPMENT_TEAM = MKWJJUWWBB;
				GENERATE_INFOPLIST_FILE = YES;
				MARKETING_VERSION = 1.0;
				PRODUCT_BUNDLE_IDENTIFIER = com.appspia.TopAppsUITests;
				PRODUCT_NAME = "$(TARGET_NAME)";
				SWIFT_EMIT_LOC_STRINGS = NO;
				SWIFT_VERSION = 5.0;
				TARGETED_DEVICE_FAMILY = "1,2";
				TEST_TARGET_NAME = TopApps;
			};
			name = Release;
		};
/* End XCBuildConfiguration section */

/* Begin XCConfigurationList section */
		34A476D52858CA700023D30B /* Build configuration list for PBXProject "TopApps" */ = {
			isa = XCConfigurationList;
			buildConfigurations = (
				34A477022858CA720023D30B /* Debug */,
				34A477032858CA720023D30B /* Release */,
			);
			defaultConfigurationIsVisible = 0;
			defaultConfigurationName = Release;
		};
		34A477042858CA720023D30B /* Build configuration list for PBXNativeTarget "TopApps" */ = {
			isa = XCConfigurationList;
			buildConfigurations = (
				34A477052858CA720023D30B /* Debug */,
				34A477062858CA720023D30B /* Release */,
			);
			defaultConfigurationIsVisible = 0;
			defaultConfigurationName = Release;
		};
		34A477072858CA720023D30B /* Build configuration list for PBXNativeTarget "TopAppsTests" */ = {
			isa = XCConfigurationList;
			buildConfigurations = (
				34A477082858CA720023D30B /* Debug */,
				34A477092858CA720023D30B /* Release */,
			);
			defaultConfigurationIsVisible = 0;
			defaultConfigurationName = Release;
		};
		34A4770A2858CA720023D30B /* Build configuration list for PBXNativeTarget "TopAppsUITests" */ = {
			isa = XCConfigurationList;
			buildConfigurations = (
				34A4770B2858CA720023D30B /* Debug */,
				34A4770C2858CA720023D30B /* Release */,
			);
			defaultConfigurationIsVisible = 0;
			defaultConfigurationName = Release;
		};
/* End XCConfigurationList section */

/* Begin XCRemoteSwiftPackageReference section */
		34A4779B2858D2480023D30B /* XCRemoteSwiftPackageReference "RxSwift" */ = {
			isa = XCRemoteSwiftPackageReference;
			repositoryURL = "https://github.com/ReactiveX/RxSwift";
			requirement = {
				kind = upToNextMajorVersion;
				minimumVersion = 6.0.0;
			};
		};
		34D8BAAC286C171300CD47DA /* XCRemoteSwiftPackageReference "ASNetworking" */ = {
			isa = XCRemoteSwiftPackageReference;
			repositoryURL = "https://github.com/Appspia/ASNetworking";
			requirement = {
				kind = upToNextMajorVersion;
				minimumVersion = 1.0.0;
			};
		};
/* End XCRemoteSwiftPackageReference section */

/* Begin XCSwiftPackageProductDependency section */
		34A4779C2858D2480023D30B /* RxCocoa */ = {
			isa = XCSwiftPackageProductDependency;
			package = 34A4779B2858D2480023D30B /* XCRemoteSwiftPackageReference "RxSwift" */;
			productName = RxCocoa;
		};
		34A4779E2858D2480023D30B /* RxSwift */ = {
			isa = XCSwiftPackageProductDependency;
			package = 34A4779B2858D2480023D30B /* XCRemoteSwiftPackageReference "RxSwift" */;
			productName = RxSwift;
		};
		34D8BAAD286C171300CD47DA /* ASNetworking */ = {
			isa = XCSwiftPackageProductDependency;
			package = 34D8BAAC286C171300CD47DA /* XCRemoteSwiftPackageReference "ASNetworking" */;
			productName = ASNetworking;
		};
/* End XCSwiftPackageProductDependency section */
	};
	rootObject = 34A476D22858CA700023D30B /* Project object */;
}
