{
  "pins" : [
    {
      "identity" : "asnetworking",
      "kind" : "remoteSourceControl",
      "location" : "https://github.com/Appspia/ASNetworking",
      "state" : {
        "revision" : "29393a66a3f7b1390c8ad92508b803b029af5b88",
        "version" : "1.0.2"
      }
    },
    {
      "identity" : "rxswift",
      "kind" : "remoteSourceControl",
      "location" : "https://github.com/ReactiveX/RxSwift",
      "state" : {
        "revision" : "b4307ba0b6425c0ba4178e138799946c3da594f8",
        "version" : "6.5.0"
      }
    }
  ],
  "version" : 2
}
